// !$*UTF8*$!
{
	archiveVersion = 1;
	classes = {
	};
	objectVersion = 46;
	objects = {

/* Begin PBXBuildFile section */
		85396A6D1A5ECCBD00F49F7A /* main.m in Sources */ = {isa = PBXBuildFile; fileRef = 85396A6C1A5ECCBD00F49F7A /* main.m */; };
		85396A701A5ECCBD00F49F7A /* AppDelegate.m in Sources */ = {isa = PBXBuildFile; fileRef = 85396A6F1A5ECCBD00F49F7A /* AppDelegate.m */; };
		85396A731A5ECCBD00F49F7A /* Sampleios8Alert.xcdatamodeld in Sources */ = {isa = PBXBuildFile; fileRef = 85396A711A5ECCBD00F49F7A /* Sampleios8Alert.xcdatamodeld */; };
		85396A761A5ECCBD00F49F7A /* ViewController.m in Sources */ = {isa = PBXBuildFile; fileRef = 85396A751A5ECCBD00F49F7A /* ViewController.m */; };
		85396A791A5ECCBD00F49F7A /* Main.storyboard in Resources */ = {isa = PBXBuildFile; fileRef = 85396A771A5ECCBD00F49F7A /* Main.storyboard */; };
		85396A7B1A5ECCBD00F49F7A /* Images.xcassets in Resources */ = {isa = PBXBuildFile; fileRef = 85396A7A1A5ECCBD00F49F7A /* Images.xcassets */; };
		85396A7E1A5ECCBD00F49F7A /* LaunchScreen.xib in Resources */ = {isa = PBXBuildFile; fileRef = 85396A7C1A5ECCBD00F49F7A /* LaunchScreen.xib */; };
		85396A8A1A5ECCBD00F49F7A /* Sampleios8AlertTests.m in Sources */ = {isa = PBXBuildFile; fileRef = 85396A891A5ECCBD00F49F7A /* Sampleios8AlertTests.m */; };
/* End PBXBuildFile section */

/* Begin PBXContainerItemProxy section */
		85396A841A5ECCBD00F49F7A /* PBXContainerItemProxy */ = {
			isa = PBXContainerItemProxy;
			containerPortal = 85396A5F1A5ECCBD00F49F7A /* Project object */;
			proxyType = 1;
			remoteGlobalIDString = 85396A661A5ECCBD00F49F7A;
			remoteInfo = Sampleios8Alert;
		};
/* End PBXContainerItemProxy section */

/* Begin PBXFileReference section */
		85396A671A5ECCBD00F49F7A /* Sampleios8Alert.app */ = {isa = PBXFileReference; explicitFileType = wrapper.application; includeInIndex = 0; path = Sampleios8Alert.app; sourceTree = BUILT_PRODUCTS_DIR; };
		85396A6B1A5ECCBD00F49F7A /* Info.plist */ = {isa = PBXFileReference; lastKnownFileType = text.plist.xml; path = Info.plist; sourceTree = "<group>"; };
		85396A6C1A5ECCBD00F49F7A /* main.m */ = {isa = PBXFileReference; lastKnownFileType = sourcecode.c.objc; path = main.m; sourceTree = "<group>"; };
		85396A6E1A5ECCBD00F49F7A /* AppDelegate.h */ = {isa = PBXFileReference; lastKnownFileType = sourcecode.c.h; path = AppDelegate.h; sourceTree = "<group>"; };
		85396A6F1A5ECCBD00F49F7A /* AppDelegate.m */ = {isa = PBXFileReference; lastKnownFileType = sourcecode.c.objc; path = AppDelegate.m; sourceTree = "<group>"; };
		85396A721A5ECCBD00F49F7A /* Sampleios8Alert.xcdatamodel */ = {isa = PBXFileReference; lastKnownFileType = wrapper.xcdatamodel; path = Sampleios8Alert.xcdatamodel; sourceTree = "<group>"; };
		85396A741A5ECCBD00F49F7A /* ViewController.h */ = {isa = PBXFileReference; lastKnownFileType = sourcecode.c.h; path = ViewController.h; sourceTree = "<group>"; };
		85396A751A5ECCBD00F49F7A /* ViewController.m */ = {isa = PBXFileReference; lastKnownFileType = sourcecode.c.objc; path = ViewController.m; sourceTree = "<group>"; };
		85396A781A5ECCBD00F49F7A /* Base */ = {isa = PBXFileReference; lastKnownFileType = file.storyboard; name = Base; path = Base.lproj/Main.storyboard; sourceTree = "<group>"; };
		85396A7A1A5ECCBD00F49F7A /* Images.xcassets */ = {isa = PBXFileReference; lastKnownFileType = folder.assetcatalog; path = Images.xcassets; sourceTree = "<group>"; };
		85396A7D1A5ECCBD00F49F7A /* Base */ = {isa = PBXFileReference; lastKnownFileType = file.xib; name = Base; path = Base.lproj/LaunchScreen.xib; sourceTree = "<group>"; };
		85396A831A5ECCBD00F49F7A /* Sampleios8AlertTests.xctest */ = {isa = PBXFileReference; explicitFileType = wrapper.cfbundle; includeInIndex = 0; path = Sampleios8AlertTests.xctest; sourceTree = BUILT_PRODUCTS_DIR; };
		85396A881A5ECCBD00F49F7A /* Info.plist */ = {isa = PBXFileReference; lastKnownFileType = text.plist.xml; path = Info.plist; sourceTree = "<group>"; };
		85396A891A5ECCBD00F49F7A /* Sampleios8AlertTests.m */ = {isa = PBXFileReference; lastKnownFileType = sourcecode.c.objc; path = Sampleios8AlertTests.m; sourceTree = "<group>"; };
/* End PBXFileReference section */

/* Begin PBXFrameworksBuildPhase section */
		85396A641A5ECCBD00F49F7A /* Frameworks */ = {
			isa = PBXFrameworksBuildPhase;
			buildActionMask = 2147483647;
			files = (
			);
			runOnlyForDeploymentPostprocessing = 0;
		};
		85396A801A5ECCBD00F49F7A /* Frameworks */ = {
			isa = PBXFrameworksBuildPhase;
			buildActionMask = 2147483647;
			files = (
			);
			runOnlyForDeploymentPostprocessing = 0;
		};
/* End PBXFrameworksBuildPhase section */

/* Begin PBXGroup section */
		85396A5E1A5ECCBD00F49F7A = {
			isa = PBXGroup;
			children = (
				85396A691A5ECCBD00F49F7A /* Sampleios8Alert */,
				85396A861A5ECCBD00F49F7A /* Sampleios8AlertTests */,
				85396A681A5ECCBD00F49F7A /* Products */,
			);
			sourceTree = "<group>";
		};
		85396A681A5ECCBD00F49F7A /* Products */ = {
			isa = PBXGroup;
			children = (
				85396A671A5ECCBD00F49F7A /* Sampleios8Alert.app */,
				85396A831A5ECCBD00F49F7A /* Sampleios8AlertTests.xctest */,
			);
			name = Products;
			sourceTree = "<group>";
		};
		85396A691A5ECCBD00F49F7A /* Sampleios8Alert */ = {
			isa = PBXGroup;
			children = (
				85396A6E1A5ECCBD00F49F7A /* AppDelegate.h */,
				85396A6F1A5ECCBD00F49F7A /* AppDelegate.m */,
				85396A741A5ECCBD00F49F7A /* ViewController.h */,
				85396A751A5ECCBD00F49F7A /* ViewController.m */,
				85396A771A5ECCBD00F49F7A /* Main.storyboard */,
				85396A7A1A5ECCBD00F49F7A /* Images.xcassets */,
				85396A7C1A5ECCBD00F49F7A /* LaunchScreen.xib */,
				85396A711A5ECCBD00F49F7A /* Sampleios8Alert.xcdatamodeld */,
				85396A6A1A5ECCBD00F49F7A /* Supporting Files */,
			);
			path = Sampleios8Alert;
			sourceTree = "<group>";
		};
		85396A6A1A5ECCBD00F49F7A /* Supporting Files */ = {
			isa = PBXGroup;
			children = (
				85396A6B1A5ECCBD00F49F7A /* Info.plist */,
				85396A6C1A5ECCBD00F49F7A /* main.m */,
			);
			name = "Supporting Files";
			sourceTree = "<group>";
		};
		85396A861A5ECCBD00F49F7A /* Sampleios8AlertTests */ = {
			isa = PBXGroup;
			children = (
				85396A891A5ECCBD00F49F7A /* Sampleios8AlertTests.m */,
				85396A871A5ECCBD00F49F7A /* Supporting Files */,
			);
			path = Sampleios8AlertTests;
			sourceTree = "<group>";
		};
		85396A871A5ECCBD00F49F7A /* Supporting Files */ = {
			isa = PBXGroup;
			children = (
				85396A881A5ECCBD00F49F7A /* Info.plist */,
			);
			name = "Supporting Files";
			sourceTree = "<group>";
		};
/* End PBXGroup section */

/* Begin PBXNativeTarget section */
		85396A661A5ECCBD00F49F7A /* Sampleios8Alert */ = {
			isa = PBXNativeTarget;
			buildConfigurationList = 85396A8D1A5ECCBD00F49F7A /* Build configuration list for PBXNativeTarget "Sampleios8Alert" */;
			buildPhases = (
				85396A631A5ECCBD00F49F7A /* Sources */,
				85396A641A5ECCBD00F49F7A /* Frameworks */,
				85396A651A5ECCBD00F49F7A /* Resources */,
			);
			buildRules = (
			);
			dependencies = (
			);
			name = Sampleios8Alert;
			productName = Sampleios8Alert;
			productReference = 85396A671A5ECCBD00F49F7A /* Sampleios8Alert.app */;
			productType = "com.apple.product-type.application";
		};
		85396A821A5ECCBD00F49F7A /* Sampleios8AlertTests */ = {
			isa = PBXNativeTarget;
			buildConfigurationList = 85396A901A5ECCBD00F49F7A /* Build configuration list for PBXNativeTarget "Sampleios8AlertTests" */;
			buildPhases = (
				85396A7F1A5ECCBD00F49F7A /* Sources */,
				85396A801A5ECCBD00F49F7A /* Frameworks */,
				85396A811A5ECCBD00F49F7A /* Resources */,
			);
			buildRules = (
			);
			dependencies = (
				85396A851A5ECCBD00F49F7A /* PBXTargetDependency */,
			);
			name = Sampleios8AlertTests;
			productName = Sampleios8AlertTests;
			productReference = 85396A831A5ECCBD00F49F7A /* Sampleios8AlertTests.xctest */;
			productType = "com.apple.product-type.bundle.unit-test";
		};
/* End PBXNativeTarget section */

/* Begin PBXProject section */
		85396A5F1A5ECCBD00F49F7A /* Project object */ = {
			isa = PBXProject;
			attributes = {
				LastUpgradeCheck = 0620;
				ORGANIZATIONNAME = prokarma;
				TargetAttributes = {
					85396A661A5ECCBD00F49F7A = {
						CreatedOnToolsVersion = 6.2;
					};
					85396A821A5ECCBD00F49F7A = {
						CreatedOnToolsVersion = 6.2;
						TestTargetID = 85396A661A5ECCBD00F49F7A;
					};
				};
			};
			buildConfigurationList = 85396A621A5ECCBD00F49F7A /* Build configuration list for PBXProject "Sampleios8Alert" */;
			compatibilityVersion = "Xcode 3.2";
			developmentRegion = English;
			hasScannedForEncodings = 0;
			knownRegions = (
				en,
				Base,
			);
			mainGroup = 85396A5E1A5ECCBD00F49F7A;
			productRefGroup = 85396A681A5ECCBD00F49F7A /* Products */;
			projectDirPath = "";
			projectRoot = "";
			targets = (
				85396A661A5ECCBD00F49F7A /* Sampleios8Alert */,
				85396A821A5ECCBD00F49F7A /* Sampleios8AlertTests */,
			);
		};
/* End PBXProject section */

/* Begin PBXResourcesBuildPhase section */
		85396A651A5ECCBD00F49F7A /* Resources */ = {
			isa = PBXResourcesBuildPhase;
			buildActionMask = 2147483647;
			files = (
				85396A791A5ECCBD00F49F7A /* Main.storyboard in Resources */,
				85396A7E1A5ECCBD00F49F7A /* LaunchScreen.xib in Resources */,
				85396A7B1A5ECCBD00F49F7A /* Images.xcassets in Resources */,
			);
			runOnlyForDeploymentPostprocessing = 0;
		};
		85396A811A5ECCBD00F49F7A /* Resources */ = {
			isa = PBXResourcesBuildPhase;
			buildActionMask = 2147483647;
			files = (
			);
			runOnlyForDeploymentPostprocessing = 0;
		};
/* End PBXResourcesBuildPhase section */

/* Begin PBXSourcesBuildPhase section */
		85396A631A5ECCBD00F49F7A /* Sources */ = {
			isa = PBXSourcesBuildPhase;
			buildActionMask = 2147483647;
			files = (
				85396A701A5ECCBD00F49F7A /* AppDelegate.m in Sources */,
				85396A6D1A5ECCBD00F49F7A /* main.m in Sources */,
				85396A761A5ECCBD00F49F7A /* ViewController.m in Sources */,
				85396A731A5ECCBD00F49F7A /* Sampleios8Alert.xcdatamodeld in Sources */,
			);
			runOnlyForDeploymentPostprocessing = 0;
		};
		85396A7F1A5ECCBD00F49F7A /* Sources */ = {
			isa = PBXSourcesBuildPhase;
			buildActionMask = 2147483647;
			files = (
				85396A8A1A5ECCBD00F49F7A /* Sampleios8AlertTests.m in Sources */,
			);
			runOnlyForDeploymentPostprocessing = 0;
		};
/* End PBXSourcesBuildPhase section */

/* Begin PBXTargetDependency section */
		85396A851A5ECCBD00F49F7A /* PBXTargetDependency */ = {
			isa = PBXTargetDependency;
			target = 85396A661A5ECCBD00F49F7A /* Sampleios8Alert */;
			targetProxy = 85396A841A5ECCBD00F49F7A /* PBXContainerItemProxy */;
		};
/* End PBXTargetDependency section */

/* Begin PBXVariantGroup section */
		85396A771A5ECCBD00F49F7A /* Main.storyboard */ = {
			isa = PBXVariantGroup;
			children = (
				85396A781A5ECCBD00F49F7A /* Base */,
			);
			name = Main.storyboard;
			sourceTree = "<group>";
		};
		85396A7C1A5ECCBD00F49F7A /* LaunchScreen.xib */ = {
			isa = PBXVariantGroup;
			children = (
				85396A7D1A5ECCBD00F49F7A /* Base */,
			);
			name = LaunchScreen.xib;
			sourceTree = "<group>";
		};
/* End PBXVariantGroup section */

/* Begin XCBuildConfiguration section */
		85396A8B1A5ECCBD00F49F7A /* Debug */ = {
			isa = XCBuildConfiguration;
			buildSettings = {
				ALWAYS_SEARCH_USER_PATHS = NO;
				CLANG_CXX_LANGUAGE_STANDARD = "gnu++0x";
				CLANG_CXX_LIBRARY = "libc++";
				CLANG_ENABLE_MODULES = YES;
				CLANG_ENABLE_OBJC_ARC = YES;
				CLANG_WARN_BOOL_CONVERSION = YES;
				CLANG_WARN_CONSTANT_CONVERSION = YES;
				CLANG_WARN_DIRECT_OBJC_ISA_USAGE = YES_ERROR;
				CLANG_WARN_EMPTY_BODY = YES;
				CLANG_WARN_ENUM_CONVERSION = YES;
				CLANG_WARN_INT_CONVERSION = YES;
				CLANG_WARN_OBJC_ROOT_CLASS = YES_ERROR;
				CLANG_WARN_UNREACHABLE_CODE = YES;
				CLANG_WARN__DUPLICATE_METHOD_MATCH = YES;
				"CODE_SIGN_IDENTITY[sdk=iphoneos*]" = "iPhone Developer";
				COPY_PHASE_STRIP = NO;
				ENABLE_STRICT_OBJC_MSGSEND = YES;
				GCC_C_LANGUAGE_STANDARD = gnu99;
				GCC_DYNAMIC_NO_PIC = NO;
				GCC_OPTIMIZATION_LEVEL = 0;
				GCC_PREPROCESSOR_DEFINITIONS = (
					"DEBUG=1",
					"$(inherited)",
				);
				GCC_SYMBOLS_PRIVATE_EXTERN = NO;
				GCC_WARN_64_TO_32_BIT_CONVERSION = YES;
				GCC_WARN_ABOUT_RETURN_TYPE = YES_ERROR;
				GCC_WARN_UNDECLARED_SELECTOR = YES;
				GCC_WARN_UNINITIALIZED_AUTOS = YES_AGGRESSIVE;
				GCC_WARN_UNUSED_FUNCTION = YES;
				GCC_WARN_UNUSED_VARIABLE = YES;
				IPHONEOS_DEPLOYMENT_TARGET = 8.2;
				MTL_ENABLE_DEBUG_INFO = YES;
				ONLY_ACTIVE_ARCH = YES;
				SDKROOT = iphoneos;
			};
			name = Debug;
		};
		85396A8C1A5ECCBD00F49F7A /* Release */ = {
			isa = XCBuildConfiguration;
			buildSettings = {
				ALWAYS_SEARCH_USER_PATHS = NO;
				CLANG_CXX_LANGUAGE_STANDARD = "gnu++0x";
				CLANG_CXX_LIBRARY = "libc++";
				CLANG_ENABLE_MODULES = YES;
				CLANG_ENABLE_OBJC_ARC = YES;
				CLANG_WARN_BOOL_CONVERSION = YES;
				CLANG_WARN_CONSTANT_CONVERSION = YES;
				CLANG_WARN_DIRECT_OBJC_ISA_USAGE = YES_ERROR;
				CLANG_WARN_EMPTY_BODY = YES;
				CLANG_WARN_ENUM_CONVERSION = YES;
				CLANG_WARN_INT_CONVERSION = YES;
				CLANG_WARN_OBJC_ROOT_CLASS = YES_ERROR;
				CLANG_WARN_UNREACHABLE_CODE = YES;
				CLANG_WARN__DUPLICATE_METHOD_MATCH = YES;
				"CODE_SIGN_IDENTITY[sdk=iphoneos*]" = "iPhone Developer";
				COPY_PHASE_STRIP = YES;
				ENABLE_NS_ASSERTIONS = NO;
				ENABLE_STRICT_OBJC_MSGSEND = YES;
				GCC_C_LANGUAGE_STANDARD = gnu99;
				GCC_WARN_64_TO_32_BIT_CONVERSION = YES;
				GCC_WARN_ABOUT_RETURN_TYPE = YES_ERROR;
				GCC_WARN_UNDECLARED_SELECTOR = YES;
				GCC_WARN_UNINITIALIZED_AUTOS = YES_AGGRESSIVE;
				GCC_WARN_UNUSED_FUNCTION = YES;
				GCC_WARN_UNUSED_VARIABLE = YES;
				IPHONEOS_DEPLOYMENT_TARGET = 8.2;
				MTL_ENABLE_DEBUG_INFO = NO;
				SDKROOT = iphoneos;
				VALIDATE_PRODUCT = YES;
			};
			name = Release;
		};
		85396A8E1A5ECCBD00F49F7A /* Debug */ = {
			isa = XCBuildConfiguration;
			buildSettings = {
				ASSETCATALOG_COMPILER_APPICON_NAME = AppIcon;
				INFOPLIST_FILE = Sampleios8Alert/Info.plist;
				LD_RUNPATH_SEARCH_PATHS = "$(inherited) @executable_path/Frameworks";
				PRODUCT_NAME = "$(TARGET_NAME)";
			};
			name = Debug;
		};
		85396A8F1A5ECCBD00F49F7A /* Release */ = {
			isa = XCBuildConfiguration;
			buildSettings = {
				ASSETCATALOG_COMPILER_APPICON_NAME = AppIcon;
				INFOPLIST_FILE = Sampleios8Alert/Info.plist;
				LD_RUNPATH_SEARCH_PATHS = "$(inherited) @executable_path/Frameworks";
				PRODUCT_NAME = "$(TARGET_NAME)";
			};
			name = Release;
		};
		85396A911A5ECCBD00F49F7A /* Debug */ = {
			isa = XCBuildConfiguration;
			buildSettings = {
				BUNDLE_LOADER = "$(TEST_HOST)";
				FRAMEWORK_SEARCH_PATHS = (
					"$(SDKROOT)/Developer/Library/Frameworks",
					"$(inherited)",
				);
				GCC_PREPROCESSOR_DEFINITIONS = (
					"DEBUG=1",
					"$(inherited)",
				);
				INFOPLIST_FILE = Sampleios8AlertTests/Info.plist;
				LD_RUNPATH_SEARCH_PATHS = "$(inherited) @executable_path/Frameworks @loader_path/Frameworks";
				PRODUCT_NAME = "$(TARGET_NAME)";
				TEST_HOST = "$(BUILT_PRODUCTS_DIR)/Sampleios8Alert.app/Sampleios8Alert";
			};
			name = Debug;
		};
		85396A921A5ECCBD00F49F7A /* Release */ = {
			isa = XCBuildConfiguration;
			buildSettings = {
				BUNDLE_LOADER = "$(TEST_HOST)";
				FRAMEWORK_SEARCH_PATHS = (
					"$(SDKROOT)/Developer/Library/Frameworks",
					"$(inherited)",
				);
				INFOPLIST_FILE = Sampleios8AlertTests/Info.plist;
				LD_RUNPATH_SEARCH_PATHS = "$(inherited) @executable_path/Frameworks @loader_path/Frameworks";
				PRODUCT_NAME = "$(TARGET_NAME)";
				TEST_HOST = "$(BUILT_PRODUCTS_DIR)/Sampleios8Alert.app/Sampleios8Alert";
			};
			name = Release;
		};
/* End XCBuildConfiguration section */

/* Begin XCConfigurationList section */
		85396A621A5ECCBD00F49F7A /* Build configuration list for PBXProject "Sampleios8Alert" */ = {
			isa = XCConfigurationList;
			buildConfigurations = (
				85396A8B1A5ECCBD00F49F7A /* Debug */,
				85396A8C1A5ECCBD00F49F7A /* Release */,
			);
			defaultConfigurationIsVisible = 0;
			defaultConfigurationName = Release;
		};
		85396A8D1A5ECCBD00F49F7A /* Build configuration list for PBXNativeTarget "Sampleios8Alert" */ = {
			isa = XCConfigurationList;
			buildConfigurations = (
				85396A8E1A5ECCBD00F49F7A /* Debug */,
				85396A8F1A5ECCBD00F49F7A /* Release */,
			);
			defaultConfigurationIsVisible = 0;
		};
		85396A901A5ECCBD00F49F7A /* Build configuration list for PBXNativeTarget "Sampleios8AlertTests" */ = {
			isa = XCConfigurationList;
			buildConfigurations = (
				85396A911A5ECCBD00F49F7A /* Debug */,
				85396A921A5ECCBD00F49F7A /* Release */,
			);
			defaultConfigurationIsVisible = 0;
		};
/* End XCConfigurationList section */

/* Begin XCVersionGroup section */
		85396A711A5ECCBD00F49F7A /* Sampleios8Alert.xcdatamodeld */ = {
			isa = XCVersionGroup;
			children = (
				85396A721A5ECCBD00F49F7A /* Sampleios8Alert.xcdatamodel */,
			);
			currentVersion = 85396A721A5ECCBD00F49F7A /* Sampleios8Alert.xcdatamodel */;
			path = Sampleios8Alert.xcdatamodeld;
			sourceTree = "<group>";
			versionGroupType = wrapper.xcdatamodel;
		};
/* End XCVersionGroup section */
	};
	rootObject = 85396A5F1A5ECCBD00F49F7A /* Project object */;
}
